
Microsoft Visual Studio Solution File, Format Version 12.00
# Visual Studio Version 16
VisualStudioVersion = 16.0.29519.181
MinimumVisualStudioVersion = 10.0.40219.1
Project("{888888A0-9F3D-457C-B088-3A5042F75D52}") = "MenuCalculator", "MenuCalculator.pyproj", "{D61D8320-FD32-4A17-AAE2-88809BFC632B}"
EndProject
Global
	GlobalSection(SolutionConfigurationPlatforms) = preSolution
		Debug|Any CPU = Debug|Any CPU
		Release|Any CPU = Release|Any CPU
	EndGlobalSection
	GlobalSection(ProjectConfigurationPlatforms) = postSolution
		{D61D8320-FD32-4A17-AAE2-88809BFC632B}.Debug|Any CPU.ActiveCfg = Debug|Any CPU
		{D61D8320-FD32-4A17-AAE2-88809BFC632B}.Release|Any CPU.ActiveCfg = Release|Any CPU
	EndGlobalSection
	GlobalSection(SolutionProperties) = preSolution
		HideSolutionNode = FALSE
	EndGlobalSection
	GlobalSection(ExtensibilityGlobals) = postSolution
		SolutionGuid = {92E115B9-B5D7-44B2-A647-083AC65DAFEE}
	EndGlobalSection
EndGlobal
